# Code generated by scarb DO NOT EDIT.
version = 1

[[package]]
name = "alexandria_data_structures"
version = "0.1.0"
source = "git+https://github.com/keep-starknet-strange/alexandria.git#db4e0210be279d6e5fc1ec12855c4cae051b0990"
dependencies = [
 "alexandria_encoding",
]

[[package]]
name = "alexandria_encoding"
version = "0.1.0"
source = "git+https://github.com/keep-starknet-strange/alexandria.git#db4e0210be279d6e5fc1ec12855c4cae051b0990"
dependencies = [
 "alexandria_math",
]

[[package]]
name = "alexandria_math"
version = "0.2.0"
source = "git+https://github.com/keep-starknet-strange/alexandria.git#db4e0210be279d6e5fc1ec12855c4cae051b0990"
dependencies = [
 "alexandria_data_structures",
]

[[package]]
name = "custom_uri"
version = "0.1.0"
source = "git+https://github.com/starknet-id/custom_uri_component?rev=abb2f3d43c7be56dd5cd9f93c33af40b272c2245#abb2f3d43c7be56dd5cd9f93c33af40b272c2245"

[[package]]
name = "encoder"
version = "0.1.0"
source = "git+https://github.com/starknet-id/encoder_component?rev=9803b4bed6f8933a3f2611b9154ee86df621ae19#9803b4bed6f8933a3f2611b9154ee86df621ae19"

[[package]]
name = "eth_stark_resolver"
version = "0.1.0"
dependencies = [
 "alexandria_math",
 "encoder",
 "naming",
 "storage_read",
]

[[package]]
name = "identity"
version = "0.1.0"
source = "git+https://github.com/starknet-id/identity.git?rev=2e8fecab0d9a971710e8efb21abc25fb7825ee09#2e8fecab0d9a971710e8efb21abc25fb7825ee09"
dependencies = [
 "custom_uri",
 "storage_read",
]

[[package]]
name = "naming"
version = "0.1.0"
source = "git+https://github.com/starknet-id/naming?rev=418030873ae254dd7c7cd11c37a3cb9c00c8e8cd#418030873ae254dd7c7cd11c37a3cb9c00c8e8cd"
dependencies = [
 "identity",
 "openzeppelin",
 "storage_read",
]

[[package]]
name = "openzeppelin"
version = "0.8.0-beta.0"
source = "git+https://github.com/OpenZeppelin/cairo-contracts.git?tag=v0.8.0-beta.0#4c95981a7178e43730f152c85a92336dc6a22d62"

[[package]]
name = "storage_read"
version = "0.1.0"
source = "git+https://github.com/starknet-id/storage_read_component?rev=c6c69e15d34abfc39ac51dc21b96724e2e19ff31#c6c69e15d34abfc39ac51dc21b96724e2e19ff31"
